
Microsoft Visual Studio Solution File, Format Version 12.00
# Visual Studio Version 17
VisualStudioVersion = 17.13.35825.156 d17.13
MinimumVisualStudioVersion = 10.0.40219.1
Project("{FAE04EC0-301F-11D3-BF4B-00C04F79EFBC}") = "WebProject", "WebProject\WebProject.csproj", "{245FFABC-C107-4364-BA9E-937208C3F137}"
EndProject
Global
	GlobalSection(SolutionConfigurationPlatforms) = preSolution
		Debug|Any CPU = Debug|Any CPU
		Release|Any CPU = Release|Any CPU
	EndGlobalSection
	GlobalSection(ProjectConfigurationPlatforms) = postSolution
		{245FFABC-C107-4364-BA9E-937208C3F137}.Debug|Any CPU.ActiveCfg = Debug|Any CPU
		{245FFABC-C107-4364-BA9E-937208C3F137}.Debug|Any CPU.Build.0 = Debug|Any CPU
		{245FFABC-C107-4364-BA9E-937208C3F137}.Release|Any CPU.ActiveCfg = Release|Any CPU
		{245FFABC-C107-4364-BA9E-937208C3F137}.Release|Any CPU.Build.0 = Release|Any CPU
	EndGlobalSection
	GlobalSection(SolutionProperties) = preSolution
		HideSolutionNode = FALSE
	EndGlobalSection
	GlobalSection(ExtensibilityGlobals) = postSolution
		SolutionGuid = {EC594DBD-28F0-4BE7-BBDD-F8A1E0CB4C52}
	EndGlobalSection
EndGlobal
